
Microsoft Visual Studio Solution File, Format Version 12.00
# Visual Studio Version 17
VisualStudioVersion = 17.8.34525.116
MinimumVisualStudioVersion = 10.0.40219.1
Project("{FAE04EC0-301F-11D3-BF4B-00C04F79EFBC}") = "TestWebApp", "TestWebApp.csproj", "{B8BFC51C-E27F-4EFA-A651-0920F33C7669}"
EndProject
Global
	GlobalSection(SolutionConfigurationPlatforms) = preSolution
		Debug|Any CPU = Debug|Any CPU
		Release|Any CPU = Release|Any CPU
	EndGlobalSection
	GlobalSection(ProjectConfigurationPlatforms) = postSolution
		{B8BFC51C-E27F-4EFA-A651-0920F33C7669}.Debug|Any CPU.ActiveCfg = Debug|Any CPU
		{B8BFC51C-E27F-4EFA-A651-0920F33C7669}.Debug|Any CPU.Build.0 = Debug|Any CPU
		{B8BFC51C-E27F-4EFA-A651-0920F33C7669}.Release|Any CPU.ActiveCfg = Release|Any CPU
		{B8BFC51C-E27F-4EFA-A651-0920F33C7669}.Release|Any CPU.Build.0 = Release|Any CPU
	EndGlobalSection
	GlobalSection(SolutionProperties) = preSolution
		HideSolutionNode = FALSE
	EndGlobalSection
	GlobalSection(ExtensibilityGlobals) = postSolution
		SolutionGuid = {278258C6-1786-4270-B29D-DFF65C1BB2AD}
	EndGlobalSection
EndGlobal
